
Microsoft Visual Studio Solution File, Format Version 12.00
# Visual Studio Version 16
VisualStudioVersion = 16.0.31729.503
MinimumVisualStudioVersion = 10.0.40219.1
Project("{FAE04EC0-301F-11D3-BF4B-00C04F79EFBC}") = "CK2_Extended_Millennia", "CK2_Extended_Millennia\CK2_Extended_Millennia.csproj", "{DFE2D96B-5973-41BC-9FF2-986321127C19}"
EndProject
Global
	GlobalSection(SolutionConfigurationPlatforms) = preSolution
		Debug|Any CPU = Debug|Any CPU
		Release|Any CPU = Release|Any CPU
	EndGlobalSection
	GlobalSection(ProjectConfigurationPlatforms) = postSolution
		{DFE2D96B-5973-41BC-9FF2-986321127C19}.Debug|Any CPU.ActiveCfg = Debug|Any CPU
		{DFE2D96B-5973-41BC-9FF2-986321127C19}.Debug|Any CPU.Build.0 = Debug|Any CPU
		{DFE2D96B-5973-41BC-9FF2-986321127C19}.Release|Any CPU.ActiveCfg = Release|Any CPU
		{DFE2D96B-5973-41BC-9FF2-986321127C19}.Release|Any CPU.Build.0 = Release|Any CPU
	EndGlobalSection
	GlobalSection(SolutionProperties) = preSolution
		HideSolutionNode = FALSE
	EndGlobalSection
	GlobalSection(ExtensibilityGlobals) = postSolution
		SolutionGuid = {52DA4C82-430A-451E-9C8A-9905FB51174E}
	EndGlobalSection
EndGlobal
